
Microsoft Visual Studio Solution File, Format Version 12.00
# Visual Studio Version 17
VisualStudioVersion = 17.7.34221.43
MinimumVisualStudioVersion = 10.0.40219.1
Project("{FAE04EC0-301F-11D3-BF4B-00C04F79EFBC}") = "WebApi", "WebApi\WebApi.csproj", "{345BAC72-422C-4EAB-8DAB-53FD2CAFFCE9}"
EndProject
Project("{FAE04EC0-301F-11D3-BF4B-00C04F79EFBC}") = "Persistence", "Persistence\Persistence.csproj", "{B4CAF3CE-0A50-4DF2-A8F9-B84442768B61}"
EndProject
Project("{FAE04EC0-301F-11D3-BF4B-00C04F79EFBC}") = "Domain", "Domain\Domain.csproj", "{1A58BEB5-7D68-467D-B549-ABAAD1381D34}"
EndProject
Project("{FAE04EC0-301F-11D3-BF4B-00C04F79EFBC}") = "Application", "Application\Application.csproj", "{D7056133-6DAC-4748-89FF-6BB844528D62}"
EndProject
Project("{FAE04EC0-301F-11D3-BF4B-00C04F79EFBC}") = "Infrastructure", "Infrastructure\Infrastructure.csproj", "{E9F5E7E9-637A-4835-986E-8427DB2B4B78}"
EndProject
Global
	GlobalSection(SolutionConfigurationPlatforms) = preSolution
		Debug|Any CPU = Debug|Any CPU
		Release|Any CPU = Release|Any CPU
	EndGlobalSection
	GlobalSection(ProjectConfigurationPlatforms) = postSolution
		{345BAC72-422C-4EAB-8DAB-53FD2CAFFCE9}.Debug|Any CPU.ActiveCfg = Debug|Any CPU
		{345BAC72-422C-4EAB-8DAB-53FD2CAFFCE9}.Debug|Any CPU.Build.0 = Debug|Any CPU
		{345BAC72-422C-4EAB-8DAB-53FD2CAFFCE9}.Release|Any CPU.ActiveCfg = Release|Any CPU
		{345BAC72-422C-4EAB-8DAB-53FD2CAFFCE9}.Release|Any CPU.Build.0 = Release|Any CPU
		{B4CAF3CE-0A50-4DF2-A8F9-B84442768B61}.Debug|Any CPU.ActiveCfg = Debug|Any CPU
		{B4CAF3CE-0A50-4DF2-A8F9-B84442768B61}.Debug|Any CPU.Build.0 = Debug|Any CPU
		{B4CAF3CE-0A50-4DF2-A8F9-B84442768B61}.Release|Any CPU.ActiveCfg = Release|Any CPU
		{B4CAF3CE-0A50-4DF2-A8F9-B84442768B61}.Release|Any CPU.Build.0 = Release|Any CPU
		{1A58BEB5-7D68-467D-B549-ABAAD1381D34}.Debug|Any CPU.ActiveCfg = Debug|Any CPU
		{1A58BEB5-7D68-467D-B549-ABAAD1381D34}.Debug|Any CPU.Build.0 = Debug|Any CPU
		{1A58BEB5-7D68-467D-B549-ABAAD1381D34}.Release|Any CPU.ActiveCfg = Release|Any CPU
		{1A58BEB5-7D68-467D-B549-ABAAD1381D34}.Release|Any CPU.Build.0 = Release|Any CPU
		{D7056133-6DAC-4748-89FF-6BB844528D62}.Debug|Any CPU.ActiveCfg = Debug|Any CPU
		{D7056133-6DAC-4748-89FF-6BB844528D62}.Debug|Any CPU.Build.0 = Debug|Any CPU
		{D7056133-6DAC-4748-89FF-6BB844528D62}.Release|Any CPU.ActiveCfg = Release|Any CPU
		{D7056133-6DAC-4748-89FF-6BB844528D62}.Release|Any CPU.Build.0 = Release|Any CPU
		{E9F5E7E9-637A-4835-986E-8427DB2B4B78}.Debug|Any CPU.ActiveCfg = Debug|Any CPU
		{E9F5E7E9-637A-4835-986E-8427DB2B4B78}.Debug|Any CPU.Build.0 = Debug|Any CPU
		{E9F5E7E9-637A-4835-986E-8427DB2B4B78}.Release|Any CPU.ActiveCfg = Release|Any CPU
		{E9F5E7E9-637A-4835-986E-8427DB2B4B78}.Release|Any CPU.Build.0 = Release|Any CPU
	EndGlobalSection
	GlobalSection(SolutionProperties) = preSolution
		HideSolutionNode = FALSE
	EndGlobalSection
	GlobalSection(ExtensibilityGlobals) = postSolution
		SolutionGuid = {72F2A303-14DA-47CD-A249-E80DFB06B9EB}
	EndGlobalSection
EndGlobal
